
Microsoft Visual Studio Solution File, Format Version 12.00
# Visual Studio Version 16
VisualStudioVersion = 16.0.31424.327
MinimumVisualStudioVersion = 10.0.40219.1
Project("{FAE04EC0-301F-11D3-BF4B-00C04F79EFBC}") = "AppQuantidade.UWP", "AppQuantidade\AppQuantidade.UWP\AppQuantidade.UWP.csproj", "{3C4C7B05-775C-4D3A-9E51-7899F5F7406D}"
EndProject
Project("{FAE04EC0-301F-11D3-BF4B-00C04F79EFBC}") = "AppQuantidade.Android", "AppQuantidade\AppQuantidade.Android\AppQuantidade.Android.csproj", "{EDE4551D-43A2-433B-96FA-A62B7FA30CC9}"
EndProject
Project("{FAE04EC0-301F-11D3-BF4B-00C04F79EFBC}") = "AppQuantidade.iOS", "AppQuantidade\AppQuantidade.iOS\AppQuantidade.iOS.csproj", "{5F6716E3-545C-4539-B31F-34E26A0A580B}"
EndProject
Project("{FAE04EC0-301F-11D3-BF4B-00C04F79EFBC}") = "AppQuantidade", "AppQuantidade\AppQuantidade\AppQuantidade.csproj", "{3748258D-096B-4076-BE7F-8F074DA5F554}"
EndProject
Global
	GlobalSection(SolutionConfigurationPlatforms) = preSolution
		Debug|Any CPU = Debug|Any CPU
		Debug|ARM = Debug|ARM
		Debug|iPhone = Debug|iPhone
		Debug|iPhoneSimulator = Debug|iPhoneSimulator
		Debug|x64 = Debug|x64
		Debug|x86 = Debug|x86
		Release|Any CPU = Release|Any CPU
		Release|ARM = Release|ARM
		Release|iPhone = Release|iPhone
		Release|iPhoneSimulator = Release|iPhoneSimulator
		Release|x64 = Release|x64
		Release|x86 = Release|x86
	EndGlobalSection
	GlobalSection(ProjectConfigurationPlatforms) = postSolution
		{3C4C7B05-775C-4D3A-9E51-7899F5F7406D}.Debug|Any CPU.ActiveCfg = Debug|x86
		{3C4C7B05-775C-4D3A-9E51-7899F5F7406D}.Debug|Any CPU.Build.0 = Debug|x86
		{3C4C7B05-775C-4D3A-9E51-7899F5F7406D}.Debug|Any CPU.Deploy.0 = Debug|x86
		{3C4C7B05-775C-4D3A-9E51-7899F5F7406D}.Debug|ARM.ActiveCfg = Debug|ARM
		{3C4C7B05-775C-4D3A-9E51-7899F5F7406D}.Debug|ARM.Build.0 = Debug|ARM
		{3C4C7B05-775C-4D3A-9E51-7899F5F7406D}.Debug|ARM.Deploy.0 = Debug|ARM
		{3C4C7B05-775C-4D3A-9E51-7899F5F7406D}.Debug|iPhone.ActiveCfg = Debug|x86
		{3C4C7B05-775C-4D3A-9E51-7899F5F7406D}.Debug|iPhone.Build.0 = Debug|x86
		{3C4C7B05-775C-4D3A-9E51-7899F5F7406D}.Debug|iPhone.Deploy.0 = Debug|x86
		{3C4C7B05-775C-4D3A-9E51-7899F5F7406D}.Debug|iPhoneSimulator.ActiveCfg = Debug|x86
		{3C4C7B05-775C-4D3A-9E51-7899F5F7406D}.Debug|iPhoneSimulator.Build.0 = Debug|x86
		{3C4C7B05-775C-4D3A-9E51-7899F5F7406D}.Debug|iPhoneSimulator.Deploy.0 = Debug|x86
		{3C4C7B05-775C-4D3A-9E51-7899F5F7406D}.Debug|x64.ActiveCfg = Debug|x64
		{3C4C7B05-775C-4D3A-9E51-7899F5F7406D}.Debug|x64.Build.0 = Debug|x64
		{3C4C7B05-775C-4D3A-9E51-7899F5F7406D}.Debug|x64.Deploy.0 = Debug|x64
		{3C4C7B05-775C-4D3A-9E51-7899F5F7406D}.Debug|x86.ActiveCfg = Debug|x86
		{3C4C7B05-775C-4D3A-9E51-7899F5F7406D}.Debug|x86.Build.0 = Debug|x86
		{3C4C7B05-775C-4D3A-9E51-7899F5F7406D}.Debug|x86.Deploy.0 = Debug|x86
		{3C4C7B05-775C-4D3A-9E51-7899F5F7406D}.Release|Any CPU.ActiveCfg = Release|x86
		{3C4C7B05-775C-4D3A-9E51-7899F5F7406D}.Release|Any CPU.Build.0 = Release|x86
		{3C4C7B05-775C-4D3A-9E51-7899F5F7406D}.Release|Any CPU.Deploy.0 = Release|x86
		{3C4C7B05-775C-4D3A-9E51-7899F5F7406D}.Release|ARM.ActiveCfg = Release|ARM
		{3C4C7B05-775C-4D3A-9E51-7899F5F7406D}.Release|ARM.Build.0 = Release|ARM
		{3C4C7B05-775C-4D3A-9E51-7899F5F7406D}.Release|ARM.Deploy.0 = Release|ARM
		{3C4C7B05-775C-4D3A-9E51-7899F5F7406D}.Release|iPhone.ActiveCfg = Release|x86
		{3C4C7B05-775C-4D3A-9E51-7899F5F7406D}.Release|iPhone.Build.0 = Release|x86
		{3C4C7B05-775C-4D3A-9E51-7899F5F7406D}.Release|iPhone.Deploy.0 = Release|x86
		{3C4C7B05-775C-4D3A-9E51-7899F5F7406D}.Release|iPhoneSimulator.ActiveCfg = Release|x86
		{3C4C7B05-775C-4D3A-9E51-7899F5F7406D}.Release|iPhoneSimulator.Build.0 = Release|x86
		{3C4C7B05-775C-4D3A-9E51-7899F5F7406D}.Release|iPhoneSimulator.Deploy.0 = Release|x86
		{3C4C7B05-775C-4D3A-9E51-7899F5F7406D}.Release|x64.ActiveCfg = Release|x64
		{3C4C7B05-775C-4D3A-9E51-7899F5F7406D}.Release|x64.Build.0 = Release|x64
		{3C4C7B05-775C-4D3A-9E51-7899F5F7406D}.Release|x64.Deploy.0 = Release|x64
		{3C4C7B05-775C-4D3A-9E51-7899F5F7406D}.Release|x86.ActiveCfg = Release|x86
		{3C4C7B05-775C-4D3A-9E51-7899F5F7406D}.Release|x86.Build.0 = Release|x86
		{3C4C7B05-775C-4D3A-9E51-7899F5F7406D}.Release|x86.Deploy.0 = Release|x86
		{EDE4551D-43A2-433B-96FA-A62B7FA30CC9}.Debug|Any CPU.ActiveCfg = Debug|Any CPU
		{EDE4551D-43A2-433B-96FA-A62B7FA30CC9}.Debug|Any CPU.Build.0 = Debug|Any CPU
		{EDE4551D-43A2-433B-96FA-A62B7FA30CC9}.Debug|Any CPU.Deploy.0 = Debug|Any CPU
		{EDE4551D-43A2-433B-96FA-A62B7FA30CC9}.Debug|ARM.ActiveCfg = Debug|Any CPU
		{EDE4551D-43A2-433B-96FA-A62B7FA30CC9}.Debug|ARM.Build.0 = Debug|Any CPU
		{EDE4551D-43A2-433B-96FA-A62B7FA30CC9}.Debug|ARM.Deploy.0 = Debug|Any CPU
		{EDE4551D-43A2-433B-96FA-A62B7FA30CC9}.Debug|iPhone.ActiveCfg = Debug|Any CPU
		{EDE4551D-43A2-433B-96FA-A62B7FA30CC9}.Debug|iPhone.Build.0 = Debug|Any CPU
		{EDE4551D-43A2-433B-96FA-A62B7FA30CC9}.Debug|iPhone.Deploy.0 = Debug|Any CPU
		{EDE4551D-43A2-433B-96FA-A62B7FA30CC9}.Debug|iPhoneSimulator.ActiveCfg = Debug|Any CPU
		{EDE4551D-43A2-433B-96FA-A62B7FA30CC9}.Debug|iPhoneSimulator.Build.0 = Debug|Any CPU
		{EDE4551D-43A2-433B-96FA-A62B7FA30CC9}.Debug|iPhoneSimulator.Deploy.0 = Debug|Any CPU
		{EDE4551D-43A2-433B-96FA-A62B7FA30CC9}.Debug|x64.ActiveCfg = Debug|Any CPU
		{EDE4551D-43A2-433B-96FA-A62B7FA30CC9}.Debug|x64.Build.0 = Debug|Any CPU
		{EDE4551D-43A2-433B-96FA-A62B7FA30CC9}.Debug|x64.Deploy.0 = Debug|Any CPU
		{EDE4551D-43A2-433B-96FA-A62B7FA30CC9}.Debug|x86.ActiveCfg = Debug|Any CPU
		{EDE4551D-43A2-433B-96FA-A62B7FA30CC9}.Debug|x86.Build.0 = Debug|Any CPU
		{EDE4551D-43A2-433B-96FA-A62B7FA30CC9}.Debug|x86.Deploy.0 = Debug|Any CPU
		{EDE4551D-43A2-433B-96FA-A62B7FA30CC9}.Release|Any CPU.ActiveCfg = Release|Any CPU
		{EDE4551D-43A2-433B-96FA-A62B7FA30CC9}.Release|Any CPU.Build.0 = Release|Any CPU
		{EDE4551D-43A2-433B-96FA-A62B7FA30CC9}.Release|Any CPU.Deploy.0 = Release|Any CPU
		{EDE4551D-43A2-433B-96FA-A62B7FA30CC9}.Release|ARM.ActiveCfg = Release|Any CPU
		{EDE4551D-43A2-433B-96FA-A62B7FA30CC9}.Release|ARM.Build.0 = Release|Any CPU
		{EDE4551D-43A2-433B-96FA-A62B7FA30CC9}.Release|ARM.Deploy.0 = Release|Any CPU
		{EDE4551D-43A2-433B-96FA-A62B7FA30CC9}.Release|iPhone.ActiveCfg = Release|Any CPU
		{EDE4551D-43A2-433B-96FA-A62B7FA30CC9}.Release|iPhone.Build.0 = Release|Any CPU
		{EDE4551D-43A2-433B-96FA-A62B7FA30CC9}.Release|iPhone.Deploy.0 = Release|Any CPU
		{EDE4551D-43A2-433B-96FA-A62B7FA30CC9}.Release|iPhoneSimulator.ActiveCfg = Release|Any CPU
		{EDE4551D-43A2-433B-96FA-A62B7FA30CC9}.Release|iPhoneSimulator.Build.0 = Release|Any CPU
		{EDE4551D-43A2-433B-96FA-A62B7FA30CC9}.Release|iPhoneSimulator.Deploy.0 = Release|Any CPU
		{EDE4551D-43A2-433B-96FA-A62B7FA30CC9}.Release|x64.ActiveCfg = Release|Any CPU
		{EDE4551D-43A2-433B-96FA-A62B7FA30CC9}.Release|x64.Build.0 = Release|Any CPU
		{EDE4551D-43A2-433B-96FA-A62B7FA30CC9}.Release|x64.Deploy.0 = Release|Any CPU
		{EDE4551D-43A2-433B-96FA-A62B7FA30CC9}.Release|x86.ActiveCfg = Release|Any CPU
		{EDE4551D-43A2-433B-96FA-A62B7FA30CC9}.Release|x86.Build.0 = Release|Any CPU
		{EDE4551D-43A2-433B-96FA-A62B7FA30CC9}.Release|x86.Deploy.0 = Release|Any CPU
		{5F6716E3-545C-4539-B31F-34E26A0A580B}.Debug|Any CPU.ActiveCfg = Debug|iPhoneSimulator
		{5F6716E3-545C-4539-B31F-34E26A0A580B}.Debug|Any CPU.Build.0 = Debug|iPhoneSimulator
		{5F6716E3-545C-4539-B31F-34E26A0A580B}.Debug|Any CPU.Deploy.0 = Debug|iPhoneSimulator
		{5F6716E3-545C-4539-B31F-34E26A0A580B}.Debug|ARM.ActiveCfg = Debug|iPhone
		{5F6716E3-545C-4539-B31F-34E26A0A580B}.Debug|ARM.Build.0 = Debug|iPhone
		{5F6716E3-545C-4539-B31F-34E26A0A580B}.Debug|ARM.Deploy.0 = Debug|iPhone
		{5F6716E3-545C-4539-B31F-34E26A0A580B}.Debug|iPhone.ActiveCfg = Debug|iPhone
		{5F6716E3-545C-4539-B31F-34E26A0A580B}.Debug|iPhone.Build.0 = Debug|iPhone
		{5F6716E3-545C-4539-B31F-34E26A0A580B}.Debug|iPhone.Deploy.0 = Debug|iPhone
		{5F6716E3-545C-4539-B31F-34E26A0A580B}.Debug|iPhoneSimulator.ActiveCfg = Debug|iPhoneSimulator
		{5F6716E3-545C-4539-B31F-34E26A0A580B}.Debug|iPhoneSimulator.Build.0 = Debug|iPhoneSimulator
		{5F6716E3-545C-4539-B31F-34E26A0A580B}.Debug|iPhoneSimulator.Deploy.0 = Debug|iPhoneSimulator
		{5F6716E3-545C-4539-B31F-34E26A0A580B}.Debug|x64.ActiveCfg = Debug|iPhoneSimulator
		{5F6716E3-545C-4539-B31F-34E26A0A580B}.Debug|x64.Build.0 = Debug|iPhoneSimulator
		{5F6716E3-545C-4539-B31F-34E26A0A580B}.Debug|x64.Deploy.0 = Debug|iPhoneSimulator
		{5F6716E3-545C-4539-B31F-34E26A0A580B}.Debug|x86.ActiveCfg = Debug|iPhoneSimulator
		{5F6716E3-545C-4539-B31F-34E26A0A580B}.Debug|x86.Build.0 = Debug|iPhoneSimulator
		{5F6716E3-545C-4539-B31F-34E26A0A580B}.Debug|x86.Deploy.0 = Debug|iPhoneSimulator
		{5F6716E3-545C-4539-B31F-34E26A0A580B}.Release|Any CPU.ActiveCfg = Release|iPhoneSimulator
		{5F6716E3-545C-4539-B31F-34E26A0A580B}.Release|Any CPU.Build.0 = Release|iPhoneSimulator
		{5F6716E3-545C-4539-B31F-34E26A0A580B}.Release|Any CPU.Deploy.0 = Release|iPhoneSimulator
		{5F6716E3-545C-4539-B31F-34E26A0A580B}.Release|ARM.ActiveCfg = Release|iPhoneSimulator
		{5F6716E3-545C-4539-B31F-34E26A0A580B}.Release|ARM.Build.0 = Release|iPhoneSimulator
		{5F6716E3-545C-4539-B31F-34E26A0A580B}.Release|ARM.Deploy.0 = Release|iPhoneSimulator
		{5F6716E3-545C-4539-B31F-34E26A0A580B}.Release|iPhone.ActiveCfg = Release|iPhone
		{5F6716E3-545C-4539-B31F-34E26A0A580B}.Release|iPhone.Build.0 = Release|iPhone
		{5F6716E3-545C-4539-B31F-34E26A0A580B}.Release|iPhone.Deploy.0 = Release|iPhone
		{5F6716E3-545C-4539-B31F-34E26A0A580B}.Release|iPhoneSimulator.ActiveCfg = Release|iPhoneSimulator
		{5F6716E3-545C-4539-B31F-34E26A0A580B}.Release|iPhoneSimulator.Build.0 = Release|iPhoneSimulator
		{5F6716E3-545C-4539-B31F-34E26A0A580B}.Release|iPhoneSimulator.Deploy.0 = Release|iPhoneSimulator
		{5F6716E3-545C-4539-B31F-34E26A0A580B}.Release|x64.ActiveCfg = Release|iPhoneSimulator
		{5F6716E3-545C-4539-B31F-34E26A0A580B}.Release|x64.Build.0 = Release|iPhoneSimulator
		{5F6716E3-545C-4539-B31F-34E26A0A580B}.Release|x64.Deploy.0 = Release|iPhoneSimulator
		{5F6716E3-545C-4539-B31F-34E26A0A580B}.Release|x86.ActiveCfg = Release|iPhoneSimulator
		{5F6716E3-545C-4539-B31F-34E26A0A580B}.Release|x86.Build.0 = Release|iPhoneSimulator
		{5F6716E3-545C-4539-B31F-34E26A0A580B}.Release|x86.Deploy.0 = Release|iPhoneSimulator
		{3748258D-096B-4076-BE7F-8F074DA5F554}.Debug|Any CPU.ActiveCfg = Debug|Any CPU
		{3748258D-096B-4076-BE7F-8F074DA5F554}.Debug|Any CPU.Build.0 = Debug|Any CPU
		{3748258D-096B-4076-BE7F-8F074DA5F554}.Debug|Any CPU.Deploy.0 = Debug|Any CPU
		{3748258D-096B-4076-BE7F-8F074DA5F554}.Debug|ARM.ActiveCfg = Debug|Any CPU
		{3748258D-096B-4076-BE7F-8F074DA5F554}.Debug|ARM.Build.0 = Debug|Any CPU
		{3748258D-096B-4076-BE7F-8F074DA5F554}.Debug|ARM.Deploy.0 = Debug|Any CPU
		{3748258D-096B-4076-BE7F-8F074DA5F554}.Debug|iPhone.ActiveCfg = Debug|Any CPU
		{3748258D-096B-4076-BE7F-8F074DA5F554}.Debug|iPhone.Build.0 = Debug|Any CPU
		{3748258D-096B-4076-BE7F-8F074DA5F554}.Debug|iPhone.Deploy.0 = Debug|Any CPU
		{3748258D-096B-4076-BE7F-8F074DA5F554}.Debug|iPhoneSimulator.ActiveCfg = Debug|Any CPU
		{3748258D-096B-4076-BE7F-8F074DA5F554}.Debug|iPhoneSimulator.Build.0 = Debug|Any CPU
		{3748258D-096B-4076-BE7F-8F074DA5F554}.Debug|iPhoneSimulator.Deploy.0 = Debug|Any CPU
		{3748258D-096B-4076-BE7F-8F074DA5F554}.Debug|x64.ActiveCfg = Debug|Any CPU
		{3748258D-096B-4076-BE7F-8F074DA5F554}.Debug|x64.Build.0 = Debug|Any CPU
		{3748258D-096B-4076-BE7F-8F074DA5F554}.Debug|x64.Deploy.0 = Debug|Any CPU
		{3748258D-096B-4076-BE7F-8F074DA5F554}.Debug|x86.ActiveCfg = Debug|Any CPU
		{3748258D-096B-4076-BE7F-8F074DA5F554}.Debug|x86.Build.0 = Debug|Any CPU
		{3748258D-096B-4076-BE7F-8F074DA5F554}.Debug|x86.Deploy.0 = Debug|Any CPU
		{3748258D-096B-4076-BE7F-8F074DA5F554}.Release|Any CPU.ActiveCfg = Release|Any CPU
		{3748258D-096B-4076-BE7F-8F074DA5F554}.Release|Any CPU.Build.0 = Release|Any CPU
		{3748258D-096B-4076-BE7F-8F074DA5F554}.Release|Any CPU.Deploy.0 = Release|Any CPU
		{3748258D-096B-4076-BE7F-8F074DA5F554}.Release|ARM.ActiveCfg = Release|Any CPU
		{3748258D-096B-4076-BE7F-8F074DA5F554}.Release|ARM.Build.0 = Release|Any CPU
		{3748258D-096B-4076-BE7F-8F074DA5F554}.Release|ARM.Deploy.0 = Release|Any CPU
		{3748258D-096B-4076-BE7F-8F074DA5F554}.Release|iPhone.ActiveCfg = Release|Any CPU
		{3748258D-096B-4076-BE7F-8F074DA5F554}.Release|iPhone.Build.0 = Release|Any CPU
		{3748258D-096B-4076-BE7F-8F074DA5F554}.Release|iPhone.Deploy.0 = Release|Any CPU
		{3748258D-096B-4076-BE7F-8F074DA5F554}.Release|iPhoneSimulator.ActiveCfg = Release|Any CPU
		{3748258D-096B-4076-BE7F-8F074DA5F554}.Release|iPhoneSimulator.Build.0 = Release|Any CPU
		{3748258D-096B-4076-BE7F-8F074DA5F554}.Release|iPhoneSimulator.Deploy.0 = Release|Any CPU
		{3748258D-096B-4076-BE7F-8F074DA5F554}.Release|x64.ActiveCfg = Release|Any CPU
		{3748258D-096B-4076-BE7F-8F074DA5F554}.Release|x64.Build.0 = Release|Any CPU
		{3748258D-096B-4076-BE7F-8F074DA5F554}.Release|x64.Deploy.0 = Release|Any CPU
		{3748258D-096B-4076-BE7F-8F074DA5F554}.Release|x86.ActiveCfg = Release|Any CPU
		{3748258D-096B-4076-BE7F-8F074DA5F554}.Release|x86.Build.0 = Release|Any CPU
		{3748258D-096B-4076-BE7F-8F074DA5F554}.Release|x86.Deploy.0 = Release|Any CPU
	EndGlobalSection
	GlobalSection(SolutionProperties) = preSolution
		HideSolutionNode = FALSE
	EndGlobalSection
	GlobalSection(ExtensibilityGlobals) = postSolution
		SolutionGuid = {6C93A395-EA51-421C-B528-56D1FC2A1A08}
	EndGlobalSection
EndGlobal
